
Microsoft Visual Studio Solution File, Format Version 12.00
# Visual Studio Version 17
VisualStudioVersion = 17.11.35219.272
MinimumVisualStudioVersion = 10.0.40219.1
Project("{FAE04EC0-301F-11D3-BF4B-00C04F79EFBC}") = "HavaDurumu", "HavaDurumu\HavaDurumu.csproj", "{7BE82D2F-2EB1-45CA-B1C9-112A8C22681A}"
EndProject
Global
	GlobalSection(SolutionConfigurationPlatforms) = preSolution
		Debug|Any CPU = Debug|Any CPU
		Release|Any CPU = Release|Any CPU
	EndGlobalSection
	GlobalSection(ProjectConfigurationPlatforms) = postSolution
		{7BE82D2F-2EB1-45CA-B1C9-112A8C22681A}.Debug|Any CPU.ActiveCfg = Debug|Any CPU
		{7BE82D2F-2EB1-45CA-B1C9-112A8C22681A}.Debug|Any CPU.Build.0 = Debug|Any CPU
		{7BE82D2F-2EB1-45CA-B1C9-112A8C22681A}.Release|Any CPU.ActiveCfg = Release|Any CPU
		{7BE82D2F-2EB1-45CA-B1C9-112A8C22681A}.Release|Any CPU.Build.0 = Release|Any CPU
	EndGlobalSection
	GlobalSection(SolutionProperties) = preSolution
		HideSolutionNode = FALSE
	EndGlobalSection
	GlobalSection(ExtensibilityGlobals) = postSolution
		SolutionGuid = {E613308F-014C-4849-9EE7-EDD05404C284}
	EndGlobalSection
EndGlobal
